<?xml version="1.0" encoding="UTF-8" standalone="yes" ?>
<CodeBlocks_project_file>
	<FileVersion major="1" minor="6" />
	<Project>
		<Option title="cipher_adfgvx_v4" />
		<Option pch_mode="2" />
		<Option compiler="gcc-mingw32" />
		<Build>
			<Target title="Release">
				<Option output="bin/Release/cipher_adfgvx_v4" prefix_auto="1" extension_auto="1" />
				<Option object_output="obj/Release/" />
				<Option type="1" />
				<Option compiler="gcc-mingw32" />
				<Compiler>
					<Add directory="headers" />
				</Compiler>
			</Target>
			<Target title="Decipher_tool_test">
				<Option output="bin/Release/cipher_adfgvx_v4" prefix_auto="1" extension_auto="1" />
				<Option object_output="obj/Release/" />
				<Option type="1" />
				<Option compiler="gcc-mingw32" />
				<Compiler>
					<Add directory="headers" />
				</Compiler>
			</Target>
		</Build>
		<Unit filename="headers/adfgvx_core.h" />
		<Unit filename="headers/adfgvx_decipher.h">
			<Option target="Decipher_tool_test" />
		</Unit>
		<Unit filename="headers/cipher_config.h" />
		<Unit filename="headers/file_operations.h" />
		<Unit filename="src/adfgvx_core.c">
			<Option compilerVar="CC" />
		</Unit>
		<Unit filename="src/adfgvx_decipher.c">
			<Option compilerVar="CC" />
			<Option target="Decipher_tool_test" />
		</Unit>
		<Unit filename="src/file_operations.c">
			<Option compilerVar="CC" />
		</Unit>
		<Unit filename="src/main.c">
			<Option compilerVar="CC" />
			<Option target="Release" />
		</Unit>
		<Unit filename="src/main_decipher_and_test.c">
			<Option compilerVar="CC" />
			<Option target="Decipher_tool_test" />
		</Unit>
		<Extensions>
			<lib_finder disable_auto="1" />
		</Extensions>
	</Project>
</CodeBlocks_project_file>
